
Microsoft Visual Studio Solution File, Format Version 12.00
# Visual Studio Version 17
VisualStudioVersion = 17.12.35527.113 d17.12
MinimumVisualStudioVersion = 10.0.40219.1
Project("{FAE04EC0-301F-11D3-BF4B-00C04F79EFBC}") = "Basic Credit Risk Management App", "Basic Credit Risk Management App.csproj", "{F6654B32-C59E-4448-9779-3F65BB52D633}"
EndProject
Project("{FAE04EC0-301F-11D3-BF4B-00C04F79EFBC}") = "BCRM Tests", "..\BCRM Tests\BCRM Tests.csproj", "{7843D748-EA95-440D-A0DF-1B07859190EB}"
EndProject
Global
	GlobalSection(SolutionConfigurationPlatforms) = preSolution
		Debug|Any CPU = Debug|Any CPU
		Release|Any CPU = Release|Any CPU
	EndGlobalSection
	GlobalSection(ProjectConfigurationPlatforms) = postSolution
		{F6654B32-C59E-4448-9779-3F65BB52D633}.Debug|Any CPU.ActiveCfg = Debug|Any CPU
		{F6654B32-C59E-4448-9779-3F65BB52D633}.Debug|Any CPU.Build.0 = Debug|Any CPU
		{F6654B32-C59E-4448-9779-3F65BB52D633}.Release|Any CPU.ActiveCfg = Release|Any CPU
		{F6654B32-C59E-4448-9779-3F65BB52D633}.Release|Any CPU.Build.0 = Release|Any CPU
		{7843D748-EA95-440D-A0DF-1B07859190EB}.Debug|Any CPU.ActiveCfg = Debug|Any CPU
		{7843D748-EA95-440D-A0DF-1B07859190EB}.Debug|Any CPU.Build.0 = Debug|Any CPU
		{7843D748-EA95-440D-A0DF-1B07859190EB}.Release|Any CPU.ActiveCfg = Release|Any CPU
		{7843D748-EA95-440D-A0DF-1B07859190EB}.Release|Any CPU.Build.0 = Release|Any CPU
	EndGlobalSection
	GlobalSection(SolutionProperties) = preSolution
		HideSolutionNode = FALSE
	EndGlobalSection
EndGlobal
